
Microsoft Visual Studio Solution File, Format Version 12.00
# Visual Studio Version 17
VisualStudioVersion = 17.4.33110.190
MinimumVisualStudioVersion = 10.0.40219.1
Project("{9A19103F-16F7-4668-BE54-9A1E7A4F7556}") = "Divoom.Api", "Divoom.Api\Divoom.Api.csproj", "{2E5A216E-C216-4573-98D7-83E5EFFCDEDB}"
EndProject
Project("{2150E333-8FDC-42A3-9474-1A3956D46DE8}") = "Solution Items", "Solution Items", "{D471E826-260D-48FA-88FC-BCD1809D8713}"
	ProjectSection(SolutionItems) = preProject
		.editorconfig = .editorconfig
		.gitignore = .gitignore
		global.json = global.json
		README.md = README.md
		version.json = version.json
	EndProjectSection
EndProject
Project("{9A19103F-16F7-4668-BE54-9A1E7A4F7556}") = "Divoom.Api.Test", "Divoom.Api.Test\Divoom.Api.Test.csproj", "{32210C7E-28BD-4D90-88E1-CEE6062E5DB4}"
EndProject
Project("{2150E333-8FDC-42A3-9474-1A3956D46DE8}") = "Postman", "Postman", "{D84151E7-A596-42A5-98C3-EF4E614861AC}"
	ProjectSection(SolutionItems) = preProject
		Postman\Divoom.postman_collection.json = Postman\Divoom.postman_collection.json
	EndProjectSection
EndProject
Global
	GlobalSection(SolutionConfigurationPlatforms) = preSolution
		Debug|Any CPU = Debug|Any CPU
		Release|Any CPU = Release|Any CPU
	EndGlobalSection
	GlobalSection(ProjectConfigurationPlatforms) = postSolution
		{2E5A216E-C216-4573-98D7-83E5EFFCDEDB}.Debug|Any CPU.ActiveCfg = Debug|Any CPU
		{2E5A216E-C216-4573-98D7-83E5EFFCDEDB}.Debug|Any CPU.Build.0 = Debug|Any CPU
		{2E5A216E-C216-4573-98D7-83E5EFFCDEDB}.Release|Any CPU.ActiveCfg = Release|Any CPU
		{2E5A216E-C216-4573-98D7-83E5EFFCDEDB}.Release|Any CPU.Build.0 = Release|Any CPU
		{32210C7E-28BD-4D90-88E1-CEE6062E5DB4}.Debug|Any CPU.ActiveCfg = Debug|Any CPU
		{32210C7E-28BD-4D90-88E1-CEE6062E5DB4}.Debug|Any CPU.Build.0 = Debug|Any CPU
		{32210C7E-28BD-4D90-88E1-CEE6062E5DB4}.Release|Any CPU.ActiveCfg = Release|Any CPU
		{32210C7E-28BD-4D90-88E1-CEE6062E5DB4}.Release|Any CPU.Build.0 = Release|Any CPU
	EndGlobalSection
	GlobalSection(SolutionProperties) = preSolution
		HideSolutionNode = FALSE
	EndGlobalSection
	GlobalSection(ExtensibilityGlobals) = postSolution
		SolutionGuid = {41B985F7-C3BA-480B-8645-41D28CF9F2D3}
	EndGlobalSection
EndGlobal
